
Microsoft Visual Studio Solution File, Format Version 12.00
# Visual Studio Version 17
VisualStudioVersion = 17.13.35919.96 d17.13
MinimumVisualStudioVersion = 10.0.40219.1
Project("{FAE04EC0-301F-11D3-BF4B-00C04F79EFBC}") = "PollyDemoApi", "PollyDemoApi\PollyDemoApi.csproj", "{FA1A9E97-505D-48E2-9DA7-F71D419012F5}"
EndProject
Global
	GlobalSection(SolutionConfigurationPlatforms) = preSolution
		Debug|Any CPU = Debug|Any CPU
		Release|Any CPU = Release|Any CPU
	EndGlobalSection
	GlobalSection(ProjectConfigurationPlatforms) = postSolution
		{FA1A9E97-505D-48E2-9DA7-F71D419012F5}.Debug|Any CPU.ActiveCfg = Debug|Any CPU
		{FA1A9E97-505D-48E2-9DA7-F71D419012F5}.Debug|Any CPU.Build.0 = Debug|Any CPU
		{FA1A9E97-505D-48E2-9DA7-F71D419012F5}.Release|Any CPU.ActiveCfg = Release|Any CPU
		{FA1A9E97-505D-48E2-9DA7-F71D419012F5}.Release|Any CPU.Build.0 = Release|Any CPU
	EndGlobalSection
	GlobalSection(SolutionProperties) = preSolution
		HideSolutionNode = FALSE
	EndGlobalSection
	GlobalSection(ExtensibilityGlobals) = postSolution
		SolutionGuid = {EA37D450-3F9D-4AE2-9E6C-B53BEB67B863}
	EndGlobalSection
EndGlobal
